
Microsoft Visual Studio Solution File, Format Version 12.00
# Visual Studio Version 17
VisualStudioVersion = 17.5.33414.496
MinimumVisualStudioVersion = 10.0.40219.1
Project("{9A19103F-16F7-4668-BE54-9A1E7A4F7556}") = "Client", "src\Client\Client.csproj", "{9BE81F65-E8A5-43EC-9A8E-7A8C41626036}"
EndProject
Project("{9A19103F-16F7-4668-BE54-9A1E7A4F7556}") = "DotNetMisc", "..\..\DotNetMisc\DotNetMisc\DotNetMisc.csproj", "{7B3D5288-582C-4CB4-B4F8-8AA7E65C9663}"
EndProject
Global
	GlobalSection(SolutionConfigurationPlatforms) = preSolution
		Debug|Any CPU = Debug|Any CPU
		Release|Any CPU = Release|Any CPU
	EndGlobalSection
	GlobalSection(ProjectConfigurationPlatforms) = postSolution
		{9BE81F65-E8A5-43EC-9A8E-7A8C41626036}.Debug|Any CPU.ActiveCfg = Debug|Any CPU
		{9BE81F65-E8A5-43EC-9A8E-7A8C41626036}.Debug|Any CPU.Build.0 = Debug|Any CPU
		{9BE81F65-E8A5-43EC-9A8E-7A8C41626036}.Release|Any CPU.ActiveCfg = Release|Any CPU
		{9BE81F65-E8A5-43EC-9A8E-7A8C41626036}.Release|Any CPU.Build.0 = Release|Any CPU
		{7B3D5288-582C-4CB4-B4F8-8AA7E65C9663}.Debug|Any CPU.ActiveCfg = Debug|Any CPU
		{7B3D5288-582C-4CB4-B4F8-8AA7E65C9663}.Debug|Any CPU.Build.0 = Debug|Any CPU
		{7B3D5288-582C-4CB4-B4F8-8AA7E65C9663}.Release|Any CPU.ActiveCfg = Release|Any CPU
		{7B3D5288-582C-4CB4-B4F8-8AA7E65C9663}.Release|Any CPU.Build.0 = Release|Any CPU
	EndGlobalSection
	GlobalSection(SolutionProperties) = preSolution
		HideSolutionNode = FALSE
	EndGlobalSection
	GlobalSection(ExtensibilityGlobals) = postSolution
		SolutionGuid = {1C240C0D-F3F0-4F00-99F2-FB03D6FA1885}
	EndGlobalSection
EndGlobal
